
Microsoft Visual Studio Solution File, Format Version 12.00
# Visual Studio Version 17
VisualStudioVersion = 17.1.32421.90
MinimumVisualStudioVersion = 10.0.40219.1
Project("{9A19103F-16F7-4668-BE54-9A1E7A4F7556}") = "CursoCSharp", "ConsoleApp1\CursoCSharp.csproj", "{969AE5BE-18F2-4870-88E0-4D1FA1AA6911}"
EndProject
Project("{FAE04EC0-301F-11D3-BF4B-00C04F79EFBC}") = "Encapsulamento", "Encapsulamento\Encapsulamento.csproj", "{EB461BC4-C4F4-4FAE-B64B-DA39DF822625}"
EndProject
Global
	GlobalSection(SolutionConfigurationPlatforms) = preSolution
		Debug|Any CPU = Debug|Any CPU
		Release|Any CPU = Release|Any CPU
	EndGlobalSection
	GlobalSection(ProjectConfigurationPlatforms) = postSolution
		{969AE5BE-18F2-4870-88E0-4D1FA1AA6911}.Debug|Any CPU.ActiveCfg = Debug|Any CPU
		{969AE5BE-18F2-4870-88E0-4D1FA1AA6911}.Debug|Any CPU.Build.0 = Debug|Any CPU
		{969AE5BE-18F2-4870-88E0-4D1FA1AA6911}.Release|Any CPU.ActiveCfg = Release|Any CPU
		{969AE5BE-18F2-4870-88E0-4D1FA1AA6911}.Release|Any CPU.Build.0 = Release|Any CPU
		{EB461BC4-C4F4-4FAE-B64B-DA39DF822625}.Debug|Any CPU.ActiveCfg = Debug|Any CPU
		{EB461BC4-C4F4-4FAE-B64B-DA39DF822625}.Debug|Any CPU.Build.0 = Debug|Any CPU
		{EB461BC4-C4F4-4FAE-B64B-DA39DF822625}.Release|Any CPU.ActiveCfg = Release|Any CPU
		{EB461BC4-C4F4-4FAE-B64B-DA39DF822625}.Release|Any CPU.Build.0 = Release|Any CPU
	EndGlobalSection
	GlobalSection(SolutionProperties) = preSolution
		HideSolutionNode = FALSE
	EndGlobalSection
	GlobalSection(ExtensibilityGlobals) = postSolution
		SolutionGuid = {286F58F5-C58A-4829-923E-02984CF7E89D}
	EndGlobalSection
EndGlobal
